# This file is generated by running "yarn install" inside your project.
# Manual changes might be lost - proceed with caution!

__metadata:
  version: 4

"pkga@workspace:packages/pkga":
  version: 0.0.0-use.local
  resolution: "pkga@workspace:packages/pkga"
  dependencies:
    pkgb: "workspace:packages/pkgb"
  languageName: unknown
  linkType: soft

"pkgb@workspace:packages/pkgb":
  version: 0.0.0-use.local
  resolution: "pkgb@workspace:packages/pkgb"
  languageName: unknown
  linkType: soft

"wstest@workspace:.":
  version: 0.0.0-use.local
  resolution: "wstest@workspace:."
  languageName: unknown
  linkType: soft
